
Microsoft Visual Studio Solution File, Format Version 12.00
# Visual Studio Version 17
VisualStudioVersion = 17.5.002.0
MinimumVisualStudioVersion = 10.0.40219.1
Project("{9A19103F-16F7-4668-BE54-9A1E7A4F7556}") = "App_Canvas", "App_Canvas.csproj", "{70576AB6-2D94-4BCF-97A9-0D29C264E59B}"
EndProject
Global
	GlobalSection(SolutionConfigurationPlatforms) = preSolution
		Debug|Any CPU = Debug|Any CPU
		Release|Any CPU = Release|Any CPU
	EndGlobalSection
	GlobalSection(ProjectConfigurationPlatforms) = postSolution
		{70576AB6-2D94-4BCF-97A9-0D29C264E59B}.Debug|Any CPU.ActiveCfg = Debug|Any CPU
		{70576AB6-2D94-4BCF-97A9-0D29C264E59B}.Debug|Any CPU.Build.0 = Debug|Any CPU
		{70576AB6-2D94-4BCF-97A9-0D29C264E59B}.Release|Any CPU.ActiveCfg = Release|Any CPU
		{70576AB6-2D94-4BCF-97A9-0D29C264E59B}.Release|Any CPU.Build.0 = Release|Any CPU
	EndGlobalSection
	GlobalSection(SolutionProperties) = preSolution
		HideSolutionNode = FALSE
	EndGlobalSection
	GlobalSection(ExtensibilityGlobals) = postSolution
		SolutionGuid = {88394F77-C94F-4159-A555-3F7B67A48E0D}
	EndGlobalSection
EndGlobal
