{
  "requires": true,
  "lockfileVersion": 1,
  "dependencies": {
    "helmet": {
      "version": "7.1.0",
      "resolved": "https://registry.npmjs.org/helmet/-/helmet-7.1.0.tgz",
      "integrity": "sha512-g+HZqgfbpXdCkme/Cd/mZkV0aV3BZZZSugecH03kl38m/Kmdx8jKjBikpDj2cr+Iynv4KpYEviojNdTJActJAg=="
    }
  }
}
