
Microsoft Visual Studio Solution File, Format Version 12.00
# Visual Studio Version 17
VisualStudioVersion = 17.6.33829.357
MinimumVisualStudioVersion = 10.0.40219.1
Project("{9A19103F-16F7-4668-BE54-9A1E7A4F7556}") = "API_Tienda", "API_Tienda\API_Tienda.csproj", "{3339A336-5C9A-4E67-8635-4E4637F617FE}"
EndProject
Project("{9A19103F-16F7-4668-BE54-9A1E7A4F7556}") = "App_Tienda", "App_Tienda\App_Tienda.csproj", "{89AF39AE-7349-4FFE-B766-3C84D61993F4}"
EndProject
Project("{9A19103F-16F7-4668-BE54-9A1E7A4F7556}") = "App_Canvas", "App_Canvas\App_Canvas.csproj", "{DEA3A42F-41C2-47F8-A59D-EEE2EADB20EB}"
EndProject
Global
	GlobalSection(SolutionConfigurationPlatforms) = preSolution
		Debug|Any CPU = Debug|Any CPU
		Release|Any CPU = Release|Any CPU
	EndGlobalSection
	GlobalSection(ProjectConfigurationPlatforms) = postSolution
		{3339A336-5C9A-4E67-8635-4E4637F617FE}.Debug|Any CPU.ActiveCfg = Debug|Any CPU
		{3339A336-5C9A-4E67-8635-4E4637F617FE}.Debug|Any CPU.Build.0 = Debug|Any CPU
		{3339A336-5C9A-4E67-8635-4E4637F617FE}.Release|Any CPU.ActiveCfg = Release|Any CPU
		{3339A336-5C9A-4E67-8635-4E4637F617FE}.Release|Any CPU.Build.0 = Release|Any CPU
		{89AF39AE-7349-4FFE-B766-3C84D61993F4}.Debug|Any CPU.ActiveCfg = Debug|Any CPU
		{89AF39AE-7349-4FFE-B766-3C84D61993F4}.Debug|Any CPU.Build.0 = Debug|Any CPU
		{89AF39AE-7349-4FFE-B766-3C84D61993F4}.Release|Any CPU.ActiveCfg = Release|Any CPU
		{89AF39AE-7349-4FFE-B766-3C84D61993F4}.Release|Any CPU.Build.0 = Release|Any CPU
		{DEA3A42F-41C2-47F8-A59D-EEE2EADB20EB}.Debug|Any CPU.ActiveCfg = Debug|Any CPU
		{DEA3A42F-41C2-47F8-A59D-EEE2EADB20EB}.Debug|Any CPU.Build.0 = Debug|Any CPU
		{DEA3A42F-41C2-47F8-A59D-EEE2EADB20EB}.Release|Any CPU.ActiveCfg = Release|Any CPU
		{DEA3A42F-41C2-47F8-A59D-EEE2EADB20EB}.Release|Any CPU.Build.0 = Release|Any CPU
	EndGlobalSection
	GlobalSection(SolutionProperties) = preSolution
		HideSolutionNode = FALSE
	EndGlobalSection
	GlobalSection(ExtensibilityGlobals) = postSolution
		SolutionGuid = {0A48764A-63B3-4445-9610-A08B1B8CFA9C}
	EndGlobalSection
EndGlobal
